
Microsoft Visual Studio Solution File, Format Version 12.00
# Visual Studio Version 17
VisualStudioVersion = 17.4.33205.214
MinimumVisualStudioVersion = 10.0.40219.1
Project("{9A19103F-16F7-4668-BE54-9A1E7A4F7556}") = "HttpClientGuide.Server", "HttpClientGuide\Server\HttpClientGuide.Server.csproj", "{D348157B-2E6A-460B-AE2B-AA3BC323A6E8}"
EndProject
Project("{9A19103F-16F7-4668-BE54-9A1E7A4F7556}") = "HttpClientGuide.Client", "HttpClientGuide\Client\HttpClientGuide.Client.csproj", "{3D1330D9-B30A-4586-AD47-412BC65D726A}"
EndProject
Project("{9A19103F-16F7-4668-BE54-9A1E7A4F7556}") = "HttpClientGuide.Shared", "HttpClientGuide\Shared\HttpClientGuide.Shared.csproj", "{D850901A-6A1E-4D07-BCAE-31F4D905CE32}"
EndProject
Global
	GlobalSection(SolutionConfigurationPlatforms) = preSolution
		Debug|Any CPU = Debug|Any CPU
		Release|Any CPU = Release|Any CPU
	EndGlobalSection
	GlobalSection(ProjectConfigurationPlatforms) = postSolution
		{D348157B-2E6A-460B-AE2B-AA3BC323A6E8}.Debug|Any CPU.ActiveCfg = Debug|Any CPU
		{D348157B-2E6A-460B-AE2B-AA3BC323A6E8}.Debug|Any CPU.Build.0 = Debug|Any CPU
		{D348157B-2E6A-460B-AE2B-AA3BC323A6E8}.Release|Any CPU.ActiveCfg = Release|Any CPU
		{D348157B-2E6A-460B-AE2B-AA3BC323A6E8}.Release|Any CPU.Build.0 = Release|Any CPU
		{3D1330D9-B30A-4586-AD47-412BC65D726A}.Debug|Any CPU.ActiveCfg = Debug|Any CPU
		{3D1330D9-B30A-4586-AD47-412BC65D726A}.Debug|Any CPU.Build.0 = Debug|Any CPU
		{3D1330D9-B30A-4586-AD47-412BC65D726A}.Release|Any CPU.ActiveCfg = Release|Any CPU
		{3D1330D9-B30A-4586-AD47-412BC65D726A}.Release|Any CPU.Build.0 = Release|Any CPU
		{D850901A-6A1E-4D07-BCAE-31F4D905CE32}.Debug|Any CPU.ActiveCfg = Debug|Any CPU
		{D850901A-6A1E-4D07-BCAE-31F4D905CE32}.Debug|Any CPU.Build.0 = Debug|Any CPU
		{D850901A-6A1E-4D07-BCAE-31F4D905CE32}.Release|Any CPU.ActiveCfg = Release|Any CPU
		{D850901A-6A1E-4D07-BCAE-31F4D905CE32}.Release|Any CPU.Build.0 = Release|Any CPU
	EndGlobalSection
	GlobalSection(SolutionProperties) = preSolution
		HideSolutionNode = FALSE
	EndGlobalSection
	GlobalSection(ExtensibilityGlobals) = postSolution
		SolutionGuid = {A3AFAE13-927E-483F-9ED2-140C2A776696}
	EndGlobalSection
EndGlobal
